Microsoft Visual Studio Solution File, Format Version 12.00
# Visual Studio Version 17
VisualStudioVersion = 17.5.2.0
MinimumVisualStudioVersion = 10.0.40219.1
Project("{FAE04EC0-301F-11D3-BF4B-00C04F79EFBC}") = "DSALibs", "DSALibs.csproj", "{A3B4C708-4931-6440-1E7D-4A29E2C5418D}"
EndProject
Global
	GlobalSection(SolutionConfigurationPlatforms) = preSolution
		Debug|Any CPU = Debug|Any CPU
		Release|Any CPU = Release|Any CPU
	EndGlobalSection
	GlobalSection(ProjectConfigurationPlatforms) = postSolution
		{A3B4C708-4931-6440-1E7D-4A29E2C5418D}.Debug|Any CPU.ActiveCfg = Debug|Any CPU
		{A3B4C708-4931-6440-1E7D-4A29E2C5418D}.Debug|Any CPU.Build.0 = Debug|Any CPU
		{A3B4C708-4931-6440-1E7D-4A29E2C5418D}.Release|Any CPU.ActiveCfg = Release|Any CPU
		{A3B4C708-4931-6440-1E7D-4A29E2C5418D}.Release|Any CPU.Build.0 = Release|Any CPU
	EndGlobalSection
	GlobalSection(SolutionProperties) = preSolution
		HideSolutionNode = FALSE
	EndGlobalSection
	GlobalSection(ExtensibilityGlobals) = postSolution
		SolutionGuid = {B18B721A-B4D1-401C-A47E-2584A47D712B}
	EndGlobalSection
EndGlobal
